
Microsoft Visual Studio Solution File, Format Version 12.00
# Visual Studio 14
VisualStudioVersion = 14.0.25420.1
MinimumVisualStudioVersion = 10.0.40219.1
Project("{FAE04EC0-301F-11D3-BF4B-00C04F79EFBC}") = "OnBoarding_API.DataAccessLayer", "OnBoardCheckList_API.DataAccessLayer\OnBoarding_API.DataAccessLayer.csproj", "{81E6660F-1268-4FA1-B899-665BADACE089}"
EndProject
Project("{FAE04EC0-301F-11D3-BF4B-00C04F79EFBC}") = "OnBoarding_API.BusinessLayer", "OnBoardCheckList_API.BusinessLayer\OnBoarding_API.BusinessLayer.csproj", "{96553997-281D-4C32-AB5E-476213808812}"
EndProject
Project("{FAE04EC0-301F-11D3-BF4B-00C04F79EFBC}") = "OnBoarding_API.DTO", "OnBoardCheckList_API.DTO\OnBoarding_API.DTO.csproj", "{11D8F087-98E6-49FF-A375-8EE67ABE9FD5}"
EndProject
Project("{FAE04EC0-301F-11D3-BF4B-00C04F79EFBC}") = "OnBoarding_ServiceHost", "OnBoardCheckList_ServiceHost\OnBoarding_ServiceHost.csproj", "{A2760902-9BD7-44DD-A949-B512F33BA5D4}"
EndProject
Project("{FAE04EC0-301F-11D3-BF4B-00C04F79EFBC}") = "OnBoarding_API.ServiceLayer", "OnboardCheckList_API.ServiceLayer\OnBoarding_API.ServiceLayer.csproj", "{44AB5483-F2DC-43C7-97F9-FB1B0FE51DC8}"
EndProject
Global
	GlobalSection(SolutionConfigurationPlatforms) = preSolution
		Debug|Any CPU = Debug|Any CPU
		Release|Any CPU = Release|Any CPU
	EndGlobalSection
	GlobalSection(ProjectConfigurationPlatforms) = postSolution
		{81E6660F-1268-4FA1-B899-665BADACE089}.Debug|Any CPU.ActiveCfg = Debug|Any CPU
		{81E6660F-1268-4FA1-B899-665BADACE089}.Debug|Any CPU.Build.0 = Debug|Any CPU
		{81E6660F-1268-4FA1-B899-665BADACE089}.Release|Any CPU.ActiveCfg = Release|Any CPU
		{81E6660F-1268-4FA1-B899-665BADACE089}.Release|Any CPU.Build.0 = Release|Any CPU
		{96553997-281D-4C32-AB5E-476213808812}.Debug|Any CPU.ActiveCfg = Debug|Any CPU
		{96553997-281D-4C32-AB5E-476213808812}.Debug|Any CPU.Build.0 = Debug|Any CPU
		{96553997-281D-4C32-AB5E-476213808812}.Release|Any CPU.ActiveCfg = Release|Any CPU
		{96553997-281D-4C32-AB5E-476213808812}.Release|Any CPU.Build.0 = Release|Any CPU
		{11D8F087-98E6-49FF-A375-8EE67ABE9FD5}.Debug|Any CPU.ActiveCfg = Debug|Any CPU
		{11D8F087-98E6-49FF-A375-8EE67ABE9FD5}.Debug|Any CPU.Build.0 = Debug|Any CPU
		{11D8F087-98E6-49FF-A375-8EE67ABE9FD5}.Release|Any CPU.ActiveCfg = Release|Any CPU
		{11D8F087-98E6-49FF-A375-8EE67ABE9FD5}.Release|Any CPU.Build.0 = Release|Any CPU
		{A2760902-9BD7-44DD-A949-B512F33BA5D4}.Debug|Any CPU.ActiveCfg = Debug|Any CPU
		{A2760902-9BD7-44DD-A949-B512F33BA5D4}.Debug|Any CPU.Build.0 = Debug|Any CPU
		{A2760902-9BD7-44DD-A949-B512F33BA5D4}.Release|Any CPU.ActiveCfg = Release|Any CPU
		{A2760902-9BD7-44DD-A949-B512F33BA5D4}.Release|Any CPU.Build.0 = Release|Any CPU
		{44AB5483-F2DC-43C7-97F9-FB1B0FE51DC8}.Debug|Any CPU.ActiveCfg = Debug|Any CPU
		{44AB5483-F2DC-43C7-97F9-FB1B0FE51DC8}.Debug|Any CPU.Build.0 = Debug|Any CPU
		{44AB5483-F2DC-43C7-97F9-FB1B0FE51DC8}.Release|Any CPU.ActiveCfg = Release|Any CPU
		{44AB5483-F2DC-43C7-97F9-FB1B0FE51DC8}.Release|Any CPU.Build.0 = Release|Any CPU
	EndGlobalSection
	GlobalSection(SolutionProperties) = preSolution
		HideSolutionNode = FALSE
	EndGlobalSection
	GlobalSection(TeamFoundationVersionControl) = preSolution
		SccNumberOfProjects = 6
		SccEnterpriseProvider = {4CA58AB2-18FA-4F8D-95D4-32DDF27D184C}
		SccTeamFoundationServer = http://5ytfs:8080/tfs/5yprojectcollection
		SccLocalPath0 = .
		SccProjectUniqueName1 = OnBoardCheckList_API.DataAccessLayer\\OnBoarding_API.DataAccessLayer.csproj
		SccProjectName1 = OnBoardCheckList_API.DataAccessLayer
		SccLocalPath1 = OnBoardCheckList_API.DataAccessLayer
		SccProjectUniqueName2 = OnBoardCheckList_API.BusinessLayer\\OnBoarding_API.BusinessLayer.csproj
		SccProjectName2 = OnBoardCheckList_API.BusinessLayer
		SccLocalPath2 = OnBoardCheckList_API.BusinessLayer
		SccProjectUniqueName3 = OnBoardCheckList_API.DTO\\OnBoarding_API.DTO.csproj
		SccProjectName3 = OnBoardCheckList_API.DTO
		SccLocalPath3 = OnBoardCheckList_API.DTO
		SccProjectUniqueName4 = OnBoardCheckList_ServiceHost\\OnBoarding_ServiceHost.csproj
		SccProjectName4 = OnBoardCheckList_ServiceHost
		SccLocalPath4 = OnBoardCheckList_ServiceHost
		SccProjectUniqueName5 = OnboardCheckList_API.ServiceLayer\\OnBoarding_API.ServiceLayer.csproj
		SccProjectName5 = OnboardCheckList_API.ServiceLayer
		SccLocalPath5 = OnboardCheckList_API.ServiceLayer
	EndGlobalSection
EndGlobal
